
Microsoft Visual Studio Solution File, Format Version 12.00
# Visual Studio Version 17
VisualStudioVersion = 17.4.33205.214
MinimumVisualStudioVersion = 10.0.40219.1
Project("{8BC9CEB8-8B4A-11D0-8D11-00A0C91BC942}") = "Project1", "Project1_1\Project1_1.vcxproj", "{318589BD-A2BA-4137-8432-5377953B5135}"
EndProject
Project("{8BC9CEB8-8B4A-11D0-8D11-00A0C91BC942}") = "Project2", "Project1_2\Project1_2.vcxproj", "{31569EB2-37F9-4AC5-BB51-42BAA10A27EF}"
EndProject
Project("{8BC9CEB8-8B4A-11D0-8D11-00A0C91BC942}") = "Project3", "Project3\Project3.vcxproj", "{7664D2F5-9693-4864-8C19-70914A151AC2}"
EndProject
Project("{8BC9CEB8-8B4A-11D0-8D11-00A0C91BC942}") = "Project4", "Project4\Project4.vcxproj", "{BAA5859B-805E-414D-887A-64BD63A382C4}"
EndProject
Project("{8BC9CEB8-8B4A-11D0-8D11-00A0C91BC942}") = "Project5", "Project5\Project5.vcxproj", "{D5E0E53B-2E4C-46B4-A089-712591574C7E}"
EndProject
Project("{8BC9CEB8-8B4A-11D0-8D11-00A0C91BC942}") = "Project6", "Project6\Project6.vcxproj", "{38FDB4C2-CB99-475F-B159-74DA11A5CFA2}"
EndProject
Project("{8BC9CEB8-8B4A-11D0-8D11-00A0C91BC942}") = "Project7", "Project7\Project7.vcxproj", "{88DF4F37-B80A-438B-8D7C-253FFB24204F}"
EndProject
Project("{8BC9CEB8-8B4A-11D0-8D11-00A0C91BC942}") = "Project8", "Project8\Project8.vcxproj", "{2FC7F1B8-4828-4352-A701-E8826D48F7CC}"
EndProject
Project("{8BC9CEB8-8B4A-11D0-8D11-00A0C91BC942}") = "Project9", "Project9\Project9.vcxproj", "{1791E712-DE62-4AD0-9EC7-32B66884BACC}"
EndProject
Project("{8BC9CEB8-8B4A-11D0-8D11-00A0C91BC942}") = "Project10", "Project10\Project10.vcxproj", "{A970623E-DF90-4FA3-89A1-8FC5479ABD4E}"
EndProject
Project("{8BC9CEB8-8B4A-11D0-8D11-00A0C91BC942}") = "Project11", "Project11\Project11.vcxproj", "{0B457B3C-3FF1-4BB9-A4CF-3BB7CBB5B61F}"
EndProject
Project("{8BC9CEB8-8B4A-11D0-8D11-00A0C91BC942}") = "Project12", "Project12\Project12.vcxproj", "{3DA6AF75-7080-42E0-9F33-06C7278300D5}"
EndProject
Global
	GlobalSection(SolutionConfigurationPlatforms) = preSolution
		Debug|x64 = Debug|x64
		Debug|x86 = Debug|x86
		Release|x64 = Release|x64
		Release|x86 = Release|x86
	EndGlobalSection
	GlobalSection(ProjectConfigurationPlatforms) = postSolution
		{318589BD-A2BA-4137-8432-5377953B5135}.Debug|x64.ActiveCfg = Debug|x64
		{318589BD-A2BA-4137-8432-5377953B5135}.Debug|x64.Build.0 = Debug|x64
		{318589BD-A2BA-4137-8432-5377953B5135}.Debug|x86.ActiveCfg = Debug|Win32
		{318589BD-A2BA-4137-8432-5377953B5135}.Debug|x86.Build.0 = Debug|Win32
		{318589BD-A2BA-4137-8432-5377953B5135}.Release|x64.ActiveCfg = Release|x64
		{318589BD-A2BA-4137-8432-5377953B5135}.Release|x64.Build.0 = Release|x64
		{318589BD-A2BA-4137-8432-5377953B5135}.Release|x86.ActiveCfg = Release|Win32
		{318589BD-A2BA-4137-8432-5377953B5135}.Release|x86.Build.0 = Release|Win32
		{31569EB2-37F9-4AC5-BB51-42BAA10A27EF}.Debug|x64.ActiveCfg = Debug|x64
		{31569EB2-37F9-4AC5-BB51-42BAA10A27EF}.Debug|x64.Build.0 = Debug|x64
		{31569EB2-37F9-4AC5-BB51-42BAA10A27EF}.Debug|x86.ActiveCfg = Debug|Win32
		{31569EB2-37F9-4AC5-BB51-42BAA10A27EF}.Debug|x86.Build.0 = Debug|Win32
		{31569EB2-37F9-4AC5-BB51-42BAA10A27EF}.Release|x64.ActiveCfg = Release|x64
		{31569EB2-37F9-4AC5-BB51-42BAA10A27EF}.Release|x64.Build.0 = Release|x64
		{31569EB2-37F9-4AC5-BB51-42BAA10A27EF}.Release|x86.ActiveCfg = Release|Win32
		{31569EB2-37F9-4AC5-BB51-42BAA10A27EF}.Release|x86.Build.0 = Release|Win32
		{7664D2F5-9693-4864-8C19-70914A151AC2}.Debug|x64.ActiveCfg = Debug|x64
		{7664D2F5-9693-4864-8C19-70914A151AC2}.Debug|x64.Build.0 = Debug|x64
		{7664D2F5-9693-4864-8C19-70914A151AC2}.Debug|x86.ActiveCfg = Debug|Win32
		{7664D2F5-9693-4864-8C19-70914A151AC2}.Debug|x86.Build.0 = Debug|Win32
		{7664D2F5-9693-4864-8C19-70914A151AC2}.Release|x64.ActiveCfg = Release|x64
		{7664D2F5-9693-4864-8C19-70914A151AC2}.Release|x64.Build.0 = Release|x64
		{7664D2F5-9693-4864-8C19-70914A151AC2}.Release|x86.ActiveCfg = Release|Win32
		{7664D2F5-9693-4864-8C19-70914A151AC2}.Release|x86.Build.0 = Release|Win32
		{BAA5859B-805E-414D-887A-64BD63A382C4}.Debug|x64.ActiveCfg = Debug|x64
		{BAA5859B-805E-414D-887A-64BD63A382C4}.Debug|x64.Build.0 = Debug|x64
		{BAA5859B-805E-414D-887A-64BD63A382C4}.Debug|x86.ActiveCfg = Debug|Win32
		{BAA5859B-805E-414D-887A-64BD63A382C4}.Debug|x86.Build.0 = Debug|Win32
		{BAA5859B-805E-414D-887A-64BD63A382C4}.Release|x64.ActiveCfg = Release|x64
		{BAA5859B-805E-414D-887A-64BD63A382C4}.Release|x64.Build.0 = Release|x64
		{BAA5859B-805E-414D-887A-64BD63A382C4}.Release|x86.ActiveCfg = Release|Win32
		{BAA5859B-805E-414D-887A-64BD63A382C4}.Release|x86.Build.0 = Release|Win32
		{D5E0E53B-2E4C-46B4-A089-712591574C7E}.Debug|x64.ActiveCfg = Debug|x64
		{D5E0E53B-2E4C-46B4-A089-712591574C7E}.Debug|x64.Build.0 = Debug|x64
		{D5E0E53B-2E4C-46B4-A089-712591574C7E}.Debug|x86.ActiveCfg = Debug|Win32
		{D5E0E53B-2E4C-46B4-A089-712591574C7E}.Debug|x86.Build.0 = Debug|Win32
		{D5E0E53B-2E4C-46B4-A089-712591574C7E}.Release|x64.ActiveCfg = Release|x64
		{D5E0E53B-2E4C-46B4-A089-712591574C7E}.Release|x64.Build.0 = Release|x64
		{D5E0E53B-2E4C-46B4-A089-712591574C7E}.Release|x86.ActiveCfg = Release|Win32
		{D5E0E53B-2E4C-46B4-A089-712591574C7E}.Release|x86.Build.0 = Release|Win32
		{38FDB4C2-CB99-475F-B159-74DA11A5CFA2}.Debug|x64.ActiveCfg = Debug|x64
		{38FDB4C2-CB99-475F-B159-74DA11A5CFA2}.Debug|x64.Build.0 = Debug|x64
		{38FDB4C2-CB99-475F-B159-74DA11A5CFA2}.Debug|x86.ActiveCfg = Debug|Win32
		{38FDB4C2-CB99-475F-B159-74DA11A5CFA2}.Debug|x86.Build.0 = Debug|Win32
		{38FDB4C2-CB99-475F-B159-74DA11A5CFA2}.Release|x64.ActiveCfg = Release|x64
		{38FDB4C2-CB99-475F-B159-74DA11A5CFA2}.Release|x64.Build.0 = Release|x64
		{38FDB4C2-CB99-475F-B159-74DA11A5CFA2}.Release|x86.ActiveCfg = Release|Win32
		{38FDB4C2-CB99-475F-B159-74DA11A5CFA2}.Release|x86.Build.0 = Release|Win32
		{88DF4F37-B80A-438B-8D7C-253FFB24204F}.Debug|x64.ActiveCfg = Debug|x64
		{88DF4F37-B80A-438B-8D7C-253FFB24204F}.Debug|x64.Build.0 = Debug|x64
		{88DF4F37-B80A-438B-8D7C-253FFB24204F}.Debug|x86.ActiveCfg = Debug|Win32
		{88DF4F37-B80A-438B-8D7C-253FFB24204F}.Debug|x86.Build.0 = Debug|Win32
		{88DF4F37-B80A-438B-8D7C-253FFB24204F}.Release|x64.ActiveCfg = Release|x64
		{88DF4F37-B80A-438B-8D7C-253FFB24204F}.Release|x64.Build.0 = Release|x64
		{88DF4F37-B80A-438B-8D7C-253FFB24204F}.Release|x86.ActiveCfg = Release|Win32
		{88DF4F37-B80A-438B-8D7C-253FFB24204F}.Release|x86.Build.0 = Release|Win32
		{2FC7F1B8-4828-4352-A701-E8826D48F7CC}.Debug|x64.ActiveCfg = Debug|x64
		{2FC7F1B8-4828-4352-A701-E8826D48F7CC}.Debug|x64.Build.0 = Debug|x64
		{2FC7F1B8-4828-4352-A701-E8826D48F7CC}.Debug|x86.ActiveCfg = Debug|Win32
		{2FC7F1B8-4828-4352-A701-E8826D48F7CC}.Debug|x86.Build.0 = Debug|Win32
		{2FC7F1B8-4828-4352-A701-E8826D48F7CC}.Release|x64.ActiveCfg = Release|x64
		{2FC7F1B8-4828-4352-A701-E8826D48F7CC}.Release|x64.Build.0 = Release|x64
		{2FC7F1B8-4828-4352-A701-E8826D48F7CC}.Release|x86.ActiveCfg = Release|Win32
		{2FC7F1B8-4828-4352-A701-E8826D48F7CC}.Release|x86.Build.0 = Release|Win32
		{1791E712-DE62-4AD0-9EC7-32B66884BACC}.Debug|x64.ActiveCfg = Debug|x64
		{1791E712-DE62-4AD0-9EC7-32B66884BACC}.Debug|x64.Build.0 = Debug|x64
		{1791E712-DE62-4AD0-9EC7-32B66884BACC}.Debug|x86.ActiveCfg = Debug|Win32
		{1791E712-DE62-4AD0-9EC7-32B66884BACC}.Debug|x86.Build.0 = Debug|Win32
		{1791E712-DE62-4AD0-9EC7-32B66884BACC}.Release|x64.ActiveCfg = Release|x64
		{1791E712-DE62-4AD0-9EC7-32B66884BACC}.Release|x64.Build.0 = Release|x64
		{1791E712-DE62-4AD0-9EC7-32B66884BACC}.Release|x86.ActiveCfg = Release|Win32
		{1791E712-DE62-4AD0-9EC7-32B66884BACC}.Release|x86.Build.0 = Release|Win32
		{A970623E-DF90-4FA3-89A1-8FC5479ABD4E}.Debug|x64.ActiveCfg = Debug|x64
		{A970623E-DF90-4FA3-89A1-8FC5479ABD4E}.Debug|x64.Build.0 = Debug|x64
		{A970623E-DF90-4FA3-89A1-8FC5479ABD4E}.Debug|x86.ActiveCfg = Debug|Win32
		{A970623E-DF90-4FA3-89A1-8FC5479ABD4E}.Debug|x86.Build.0 = Debug|Win32
		{A970623E-DF90-4FA3-89A1-8FC5479ABD4E}.Release|x64.ActiveCfg = Release|x64
		{A970623E-DF90-4FA3-89A1-8FC5479ABD4E}.Release|x64.Build.0 = Release|x64
		{A970623E-DF90-4FA3-89A1-8FC5479ABD4E}.Release|x86.ActiveCfg = Release|Win32
		{A970623E-DF90-4FA3-89A1-8FC5479ABD4E}.Release|x86.Build.0 = Release|Win32
		{0B457B3C-3FF1-4BB9-A4CF-3BB7CBB5B61F}.Debug|x64.ActiveCfg = Debug|x64
		{0B457B3C-3FF1-4BB9-A4CF-3BB7CBB5B61F}.Debug|x64.Build.0 = Debug|x64
		{0B457B3C-3FF1-4BB9-A4CF-3BB7CBB5B61F}.Debug|x86.ActiveCfg = Debug|Win32
		{0B457B3C-3FF1-4BB9-A4CF-3BB7CBB5B61F}.Debug|x86.Build.0 = Debug|Win32
		{0B457B3C-3FF1-4BB9-A4CF-3BB7CBB5B61F}.Release|x64.ActiveCfg = Release|x64
		{0B457B3C-3FF1-4BB9-A4CF-3BB7CBB5B61F}.Release|x64.Build.0 = Release|x64
		{0B457B3C-3FF1-4BB9-A4CF-3BB7CBB5B61F}.Release|x86.ActiveCfg = Release|Win32
		{0B457B3C-3FF1-4BB9-A4CF-3BB7CBB5B61F}.Release|x86.Build.0 = Release|Win32
		{3DA6AF75-7080-42E0-9F33-06C7278300D5}.Debug|x64.ActiveCfg = Debug|x64
		{3DA6AF75-7080-42E0-9F33-06C7278300D5}.Debug|x64.Build.0 = Debug|x64
		{3DA6AF75-7080-42E0-9F33-06C7278300D5}.Debug|x86.ActiveCfg = Debug|Win32
		{3DA6AF75-7080-42E0-9F33-06C7278300D5}.Debug|x86.Build.0 = Debug|Win32
		{3DA6AF75-7080-42E0-9F33-06C7278300D5}.Release|x64.ActiveCfg = Release|x64
		{3DA6AF75-7080-42E0-9F33-06C7278300D5}.Release|x64.Build.0 = Release|x64
		{3DA6AF75-7080-42E0-9F33-06C7278300D5}.Release|x86.ActiveCfg = Release|Win32
		{3DA6AF75-7080-42E0-9F33-06C7278300D5}.Release|x86.Build.0 = Release|Win32
	EndGlobalSection
	GlobalSection(SolutionProperties) = preSolution
		HideSolutionNode = FALSE
	EndGlobalSection
	GlobalSection(ExtensibilityGlobals) = postSolution
		SolutionGuid = {BFD7C7FA-316E-4931-9ED7-31DCD6298EC9}
	EndGlobalSection
EndGlobal
