
Microsoft Visual Studio Solution File, Format Version 12.00
# Visual Studio Version 17
VisualStudioVersion = 17.4.33213.308
MinimumVisualStudioVersion = 10.0.40219.1
Project("{8BC9CEB8-8B4A-11D0-8D11-00A0C91BC942}") = "Project1", "ProjectChap2\ProjectChap2.vcxproj", "{FD51DEB6-1875-4531-8BCA-57A4AC8933DF}"
EndProject
Project("{8BC9CEB8-8B4A-11D0-8D11-00A0C91BC942}") = "Project2", "Project2\Project2.vcxproj", "{D48B7179-D414-45EF-A05A-DD0A7C42AD63}"
EndProject
Project("{8BC9CEB8-8B4A-11D0-8D11-00A0C91BC942}") = "Project3", "Project3\Project3.vcxproj", "{2883E49C-3C96-4910-8A4D-BE2CD4C433CD}"
EndProject
Project("{8BC9CEB8-8B4A-11D0-8D11-00A0C91BC942}") = "Project4", "Project4\Project4.vcxproj", "{2CCE12FB-2D92-43D9-AFDE-E1BD84A32B26}"
EndProject
Project("{8BC9CEB8-8B4A-11D0-8D11-00A0C91BC942}") = "Project5", "Project5\Project5.vcxproj", "{F81BD6AF-5E22-421D-9EBA-35A342941F87}"
EndProject
Project("{8BC9CEB8-8B4A-11D0-8D11-00A0C91BC942}") = "Project6", "Project6\Project6.vcxproj", "{DD247EF3-BF87-415E-B705-5EC49FA72A88}"
EndProject
Project("{8BC9CEB8-8B4A-11D0-8D11-00A0C91BC942}") = "Project7", "Project7\Project7.vcxproj", "{C8A992D5-97BE-4005-8C47-C607B53F4670}"
EndProject
Project("{8BC9CEB8-8B4A-11D0-8D11-00A0C91BC942}") = "Project8", "Project8\Project8.vcxproj", "{87C79EB8-16F9-4E4B-862B-EC33277C1855}"
EndProject
Project("{8BC9CEB8-8B4A-11D0-8D11-00A0C91BC942}") = "Project9", "Project9\Project9.vcxproj", "{25E95F4F-8062-4E48-AD50-9CEC5E4E7B2C}"
EndProject
Project("{8BC9CEB8-8B4A-11D0-8D11-00A0C91BC942}") = "Project10", "Project10\Project10.vcxproj", "{7E1BFC2F-1C6F-4F26-979F-F404DF7F3CA0}"
EndProject
Project("{8BC9CEB8-8B4A-11D0-8D11-00A0C91BC942}") = "Project11", "Project11\Project11.vcxproj", "{71B96BDD-83BE-4A4D-973D-2A164C0C603B}"
EndProject
Project("{8BC9CEB8-8B4A-11D0-8D11-00A0C91BC942}") = "Project12", "Project12\Project12.vcxproj", "{12000AF1-48F3-4CD3-B9B3-FD6C54FF14C9}"
EndProject
Global
	GlobalSection(SolutionConfigurationPlatforms) = preSolution
		Debug|x64 = Debug|x64
		Debug|x86 = Debug|x86
		Release|x64 = Release|x64
		Release|x86 = Release|x86
	EndGlobalSection
	GlobalSection(ProjectConfigurationPlatforms) = postSolution
		{FD51DEB6-1875-4531-8BCA-57A4AC8933DF}.Debug|x64.ActiveCfg = Debug|x64
		{FD51DEB6-1875-4531-8BCA-57A4AC8933DF}.Debug|x64.Build.0 = Debug|x64
		{FD51DEB6-1875-4531-8BCA-57A4AC8933DF}.Debug|x86.ActiveCfg = Debug|Win32
		{FD51DEB6-1875-4531-8BCA-57A4AC8933DF}.Debug|x86.Build.0 = Debug|Win32
		{FD51DEB6-1875-4531-8BCA-57A4AC8933DF}.Release|x64.ActiveCfg = Release|x64
		{FD51DEB6-1875-4531-8BCA-57A4AC8933DF}.Release|x64.Build.0 = Release|x64
		{FD51DEB6-1875-4531-8BCA-57A4AC8933DF}.Release|x86.ActiveCfg = Release|Win32
		{FD51DEB6-1875-4531-8BCA-57A4AC8933DF}.Release|x86.Build.0 = Release|Win32
		{D48B7179-D414-45EF-A05A-DD0A7C42AD63}.Debug|x64.ActiveCfg = Debug|x64
		{D48B7179-D414-45EF-A05A-DD0A7C42AD63}.Debug|x64.Build.0 = Debug|x64
		{D48B7179-D414-45EF-A05A-DD0A7C42AD63}.Debug|x86.ActiveCfg = Debug|Win32
		{D48B7179-D414-45EF-A05A-DD0A7C42AD63}.Debug|x86.Build.0 = Debug|Win32
		{D48B7179-D414-45EF-A05A-DD0A7C42AD63}.Release|x64.ActiveCfg = Release|x64
		{D48B7179-D414-45EF-A05A-DD0A7C42AD63}.Release|x64.Build.0 = Release|x64
		{D48B7179-D414-45EF-A05A-DD0A7C42AD63}.Release|x86.ActiveCfg = Release|Win32
		{D48B7179-D414-45EF-A05A-DD0A7C42AD63}.Release|x86.Build.0 = Release|Win32
		{2883E49C-3C96-4910-8A4D-BE2CD4C433CD}.Debug|x64.ActiveCfg = Debug|x64
		{2883E49C-3C96-4910-8A4D-BE2CD4C433CD}.Debug|x64.Build.0 = Debug|x64
		{2883E49C-3C96-4910-8A4D-BE2CD4C433CD}.Debug|x86.ActiveCfg = Debug|Win32
		{2883E49C-3C96-4910-8A4D-BE2CD4C433CD}.Debug|x86.Build.0 = Debug|Win32
		{2883E49C-3C96-4910-8A4D-BE2CD4C433CD}.Release|x64.ActiveCfg = Release|x64
		{2883E49C-3C96-4910-8A4D-BE2CD4C433CD}.Release|x64.Build.0 = Release|x64
		{2883E49C-3C96-4910-8A4D-BE2CD4C433CD}.Release|x86.ActiveCfg = Release|Win32
		{2883E49C-3C96-4910-8A4D-BE2CD4C433CD}.Release|x86.Build.0 = Release|Win32
		{2CCE12FB-2D92-43D9-AFDE-E1BD84A32B26}.Debug|x64.ActiveCfg = Debug|x64
		{2CCE12FB-2D92-43D9-AFDE-E1BD84A32B26}.Debug|x64.Build.0 = Debug|x64
		{2CCE12FB-2D92-43D9-AFDE-E1BD84A32B26}.Debug|x86.ActiveCfg = Debug|Win32
		{2CCE12FB-2D92-43D9-AFDE-E1BD84A32B26}.Debug|x86.Build.0 = Debug|Win32
		{2CCE12FB-2D92-43D9-AFDE-E1BD84A32B26}.Release|x64.ActiveCfg = Release|x64
		{2CCE12FB-2D92-43D9-AFDE-E1BD84A32B26}.Release|x64.Build.0 = Release|x64
		{2CCE12FB-2D92-43D9-AFDE-E1BD84A32B26}.Release|x86.ActiveCfg = Release|Win32
		{2CCE12FB-2D92-43D9-AFDE-E1BD84A32B26}.Release|x86.Build.0 = Release|Win32
		{F81BD6AF-5E22-421D-9EBA-35A342941F87}.Debug|x64.ActiveCfg = Debug|x64
		{F81BD6AF-5E22-421D-9EBA-35A342941F87}.Debug|x64.Build.0 = Debug|x64
		{F81BD6AF-5E22-421D-9EBA-35A342941F87}.Debug|x86.ActiveCfg = Debug|Win32
		{F81BD6AF-5E22-421D-9EBA-35A342941F87}.Debug|x86.Build.0 = Debug|Win32
		{F81BD6AF-5E22-421D-9EBA-35A342941F87}.Release|x64.ActiveCfg = Release|x64
		{F81BD6AF-5E22-421D-9EBA-35A342941F87}.Release|x64.Build.0 = Release|x64
		{F81BD6AF-5E22-421D-9EBA-35A342941F87}.Release|x86.ActiveCfg = Release|Win32
		{F81BD6AF-5E22-421D-9EBA-35A342941F87}.Release|x86.Build.0 = Release|Win32
		{DD247EF3-BF87-415E-B705-5EC49FA72A88}.Debug|x64.ActiveCfg = Debug|x64
		{DD247EF3-BF87-415E-B705-5EC49FA72A88}.Debug|x64.Build.0 = Debug|x64
		{DD247EF3-BF87-415E-B705-5EC49FA72A88}.Debug|x86.ActiveCfg = Debug|Win32
		{DD247EF3-BF87-415E-B705-5EC49FA72A88}.Debug|x86.Build.0 = Debug|Win32
		{DD247EF3-BF87-415E-B705-5EC49FA72A88}.Release|x64.ActiveCfg = Release|x64
		{DD247EF3-BF87-415E-B705-5EC49FA72A88}.Release|x64.Build.0 = Release|x64
		{DD247EF3-BF87-415E-B705-5EC49FA72A88}.Release|x86.ActiveCfg = Release|Win32
		{DD247EF3-BF87-415E-B705-5EC49FA72A88}.Release|x86.Build.0 = Release|Win32
		{C8A992D5-97BE-4005-8C47-C607B53F4670}.Debug|x64.ActiveCfg = Debug|x64
		{C8A992D5-97BE-4005-8C47-C607B53F4670}.Debug|x64.Build.0 = Debug|x64
		{C8A992D5-97BE-4005-8C47-C607B53F4670}.Debug|x86.ActiveCfg = Debug|Win32
		{C8A992D5-97BE-4005-8C47-C607B53F4670}.Debug|x86.Build.0 = Debug|Win32
		{C8A992D5-97BE-4005-8C47-C607B53F4670}.Release|x64.ActiveCfg = Release|x64
		{C8A992D5-97BE-4005-8C47-C607B53F4670}.Release|x64.Build.0 = Release|x64
		{C8A992D5-97BE-4005-8C47-C607B53F4670}.Release|x86.ActiveCfg = Release|Win32
		{C8A992D5-97BE-4005-8C47-C607B53F4670}.Release|x86.Build.0 = Release|Win32
		{87C79EB8-16F9-4E4B-862B-EC33277C1855}.Debug|x64.ActiveCfg = Debug|x64
		{87C79EB8-16F9-4E4B-862B-EC33277C1855}.Debug|x64.Build.0 = Debug|x64
		{87C79EB8-16F9-4E4B-862B-EC33277C1855}.Debug|x86.ActiveCfg = Debug|Win32
		{87C79EB8-16F9-4E4B-862B-EC33277C1855}.Debug|x86.Build.0 = Debug|Win32
		{87C79EB8-16F9-4E4B-862B-EC33277C1855}.Release|x64.ActiveCfg = Release|x64
		{87C79EB8-16F9-4E4B-862B-EC33277C1855}.Release|x64.Build.0 = Release|x64
		{87C79EB8-16F9-4E4B-862B-EC33277C1855}.Release|x86.ActiveCfg = Release|Win32
		{87C79EB8-16F9-4E4B-862B-EC33277C1855}.Release|x86.Build.0 = Release|Win32
		{25E95F4F-8062-4E48-AD50-9CEC5E4E7B2C}.Debug|x64.ActiveCfg = Debug|x64
		{25E95F4F-8062-4E48-AD50-9CEC5E4E7B2C}.Debug|x64.Build.0 = Debug|x64
		{25E95F4F-8062-4E48-AD50-9CEC5E4E7B2C}.Debug|x86.ActiveCfg = Debug|Win32
		{25E95F4F-8062-4E48-AD50-9CEC5E4E7B2C}.Debug|x86.Build.0 = Debug|Win32
		{25E95F4F-8062-4E48-AD50-9CEC5E4E7B2C}.Release|x64.ActiveCfg = Release|x64
		{25E95F4F-8062-4E48-AD50-9CEC5E4E7B2C}.Release|x64.Build.0 = Release|x64
		{25E95F4F-8062-4E48-AD50-9CEC5E4E7B2C}.Release|x86.ActiveCfg = Release|Win32
		{25E95F4F-8062-4E48-AD50-9CEC5E4E7B2C}.Release|x86.Build.0 = Release|Win32
		{7E1BFC2F-1C6F-4F26-979F-F404DF7F3CA0}.Debug|x64.ActiveCfg = Debug|x64
		{7E1BFC2F-1C6F-4F26-979F-F404DF7F3CA0}.Debug|x64.Build.0 = Debug|x64
		{7E1BFC2F-1C6F-4F26-979F-F404DF7F3CA0}.Debug|x86.ActiveCfg = Debug|Win32
		{7E1BFC2F-1C6F-4F26-979F-F404DF7F3CA0}.Debug|x86.Build.0 = Debug|Win32
		{7E1BFC2F-1C6F-4F26-979F-F404DF7F3CA0}.Release|x64.ActiveCfg = Release|x64
		{7E1BFC2F-1C6F-4F26-979F-F404DF7F3CA0}.Release|x64.Build.0 = Release|x64
		{7E1BFC2F-1C6F-4F26-979F-F404DF7F3CA0}.Release|x86.ActiveCfg = Release|Win32
		{7E1BFC2F-1C6F-4F26-979F-F404DF7F3CA0}.Release|x86.Build.0 = Release|Win32
		{71B96BDD-83BE-4A4D-973D-2A164C0C603B}.Debug|x64.ActiveCfg = Debug|x64
		{71B96BDD-83BE-4A4D-973D-2A164C0C603B}.Debug|x64.Build.0 = Debug|x64
		{71B96BDD-83BE-4A4D-973D-2A164C0C603B}.Debug|x86.ActiveCfg = Debug|Win32
		{71B96BDD-83BE-4A4D-973D-2A164C0C603B}.Debug|x86.Build.0 = Debug|Win32
		{71B96BDD-83BE-4A4D-973D-2A164C0C603B}.Release|x64.ActiveCfg = Release|x64
		{71B96BDD-83BE-4A4D-973D-2A164C0C603B}.Release|x64.Build.0 = Release|x64
		{71B96BDD-83BE-4A4D-973D-2A164C0C603B}.Release|x86.ActiveCfg = Release|Win32
		{71B96BDD-83BE-4A4D-973D-2A164C0C603B}.Release|x86.Build.0 = Release|Win32
		{12000AF1-48F3-4CD3-B9B3-FD6C54FF14C9}.Debug|x64.ActiveCfg = Debug|x64
		{12000AF1-48F3-4CD3-B9B3-FD6C54FF14C9}.Debug|x64.Build.0 = Debug|x64
		{12000AF1-48F3-4CD3-B9B3-FD6C54FF14C9}.Debug|x86.ActiveCfg = Debug|Win32
		{12000AF1-48F3-4CD3-B9B3-FD6C54FF14C9}.Debug|x86.Build.0 = Debug|Win32
		{12000AF1-48F3-4CD3-B9B3-FD6C54FF14C9}.Release|x64.ActiveCfg = Release|x64
		{12000AF1-48F3-4CD3-B9B3-FD6C54FF14C9}.Release|x64.Build.0 = Release|x64
		{12000AF1-48F3-4CD3-B9B3-FD6C54FF14C9}.Release|x86.ActiveCfg = Release|Win32
		{12000AF1-48F3-4CD3-B9B3-FD6C54FF14C9}.Release|x86.Build.0 = Release|Win32
	EndGlobalSection
	GlobalSection(SolutionProperties) = preSolution
		HideSolutionNode = FALSE
	EndGlobalSection
	GlobalSection(ExtensibilityGlobals) = postSolution
		SolutionGuid = {6BF140DA-E545-4BAA-8EC8-E8E4916C70A5}
	EndGlobalSection
EndGlobal
